
Microsoft Visual Studio Solution File, Format Version 12.00
# Visual Studio Version 17
VisualStudioVersion = 17.6.33829.357
MinimumVisualStudioVersion = 10.0.40219.1
Project("{FAE04EC0-301F-11D3-BF4B-00C04F79EFBC}") = "ConnectionDB", "ConnectionDB.csproj", "{754587BB-AA04-43A8-9121-7AEB191B4C18}"
EndProject
Global
	GlobalSection(SolutionConfigurationPlatforms) = preSolution
		Debug|Any CPU = Debug|Any CPU
		Release|Any CPU = Release|Any CPU
	EndGlobalSection
	GlobalSection(ProjectConfigurationPlatforms) = postSolution
		{754587BB-AA04-43A8-9121-7AEB191B4C18}.Debug|Any CPU.ActiveCfg = Debug|Any CPU
		{754587BB-AA04-43A8-9121-7AEB191B4C18}.Debug|Any CPU.Build.0 = Debug|Any CPU
		{754587BB-AA04-43A8-9121-7AEB191B4C18}.Release|Any CPU.ActiveCfg = Release|Any CPU
		{754587BB-AA04-43A8-9121-7AEB191B4C18}.Release|Any CPU.Build.0 = Release|Any CPU
	EndGlobalSection
	GlobalSection(SolutionProperties) = preSolution
		HideSolutionNode = FALSE
	EndGlobalSection
	GlobalSection(ExtensibilityGlobals) = postSolution
		SolutionGuid = {85BE63B4-F548-43E6-88BC-7C840BDE3E64}
	EndGlobalSection
EndGlobal
